
Microsoft Visual Studio Solution File, Format Version 11.00
# Visual Studio 2010
Project("{FAE04EC0-301F-11D3-BF4B-00C04F79EFBC}") = "TeamPlatformAPIExample", "TeamPlatformAPIExample\TeamPlatformAPIExample.csproj", "{9977A1E1-1A7B-4DC8-A133-6339D4790709}"
EndProject
Global
	GlobalSection(TeamFoundationVersionControl) = preSolution
		SccNumberOfProjects = 2
		SccEnterpriseProvider = {4CA58AB2-18FA-4F8D-95D4-32DDF27D184C}
		SccTeamFoundationServer = http://vispower-pc:8080/tfs/defaultcollection
		SccLocalPath0 = .
		SccProjectUniqueName1 = TeamPlatformAPIExample\\TeamPlatformAPIExample.csproj
		SccProjectName1 = TeamPlatformAPIExample
		SccLocalPath1 = TeamPlatformAPIExample
	EndGlobalSection
	GlobalSection(SolutionConfigurationPlatforms) = preSolution
		Debug|x86 = Debug|x86
		Release|x86 = Release|x86
	EndGlobalSection
	GlobalSection(ProjectConfigurationPlatforms) = postSolution
		{9977A1E1-1A7B-4DC8-A133-6339D4790709}.Debug|x86.ActiveCfg = Debug|x86
		{9977A1E1-1A7B-4DC8-A133-6339D4790709}.Debug|x86.Build.0 = Debug|x86
		{9977A1E1-1A7B-4DC8-A133-6339D4790709}.Release|x86.ActiveCfg = Release|x86
		{9977A1E1-1A7B-4DC8-A133-6339D4790709}.Release|x86.Build.0 = Release|x86
	EndGlobalSection
	GlobalSection(SolutionProperties) = preSolution
		HideSolutionNode = FALSE
	EndGlobalSection
EndGlobal
